
Microsoft Visual Studio Solution File, Format Version 12.00
# Visual Studio Version 16
VisualStudioVersion = 16.0.31515.178
MinimumVisualStudioVersion = 10.0.40219.1
Project("{FAE04EC0-301F-11D3-BF4B-00C04F79EFBC}") = "NLayer.Core", "NLayer.Core\NLayer.Core.csproj", "{FC818667-94B3-46E6-93EC-0888DF72341E}"
EndProject
Project("{FAE04EC0-301F-11D3-BF4B-00C04F79EFBC}") = "NLayer.Repository", "NLayer.Repository\NLayer.Repository.csproj", "{D32707CF-6C53-42A9-BA78-EEC8BEF8FC28}"
EndProject
Project("{FAE04EC0-301F-11D3-BF4B-00C04F79EFBC}") = "NLayer.Service", "NLayer.Service\NLayer.Service.csproj", "{7B2BF2A9-D5A1-4281-9CCC-6C09958F363C}"
EndProject
Global
	GlobalSection(SolutionConfigurationPlatforms) = preSolution
		Debug|Any CPU = Debug|Any CPU
		Release|Any CPU = Release|Any CPU
	EndGlobalSection
	GlobalSection(ProjectConfigurationPlatforms) = postSolution
		{FC818667-94B3-46E6-93EC-0888DF72341E}.Debug|Any CPU.ActiveCfg = Debug|Any CPU
		{FC818667-94B3-46E6-93EC-0888DF72341E}.Debug|Any CPU.Build.0 = Debug|Any CPU
		{FC818667-94B3-46E6-93EC-0888DF72341E}.Release|Any CPU.ActiveCfg = Release|Any CPU
		{FC818667-94B3-46E6-93EC-0888DF72341E}.Release|Any CPU.Build.0 = Release|Any CPU
		{D32707CF-6C53-42A9-BA78-EEC8BEF8FC28}.Debug|Any CPU.ActiveCfg = Debug|Any CPU
		{D32707CF-6C53-42A9-BA78-EEC8BEF8FC28}.Debug|Any CPU.Build.0 = Debug|Any CPU
		{D32707CF-6C53-42A9-BA78-EEC8BEF8FC28}.Release|Any CPU.ActiveCfg = Release|Any CPU
		{D32707CF-6C53-42A9-BA78-EEC8BEF8FC28}.Release|Any CPU.Build.0 = Release|Any CPU
		{7B2BF2A9-D5A1-4281-9CCC-6C09958F363C}.Debug|Any CPU.ActiveCfg = Debug|Any CPU
		{7B2BF2A9-D5A1-4281-9CCC-6C09958F363C}.Debug|Any CPU.Build.0 = Debug|Any CPU
		{7B2BF2A9-D5A1-4281-9CCC-6C09958F363C}.Release|Any CPU.ActiveCfg = Release|Any CPU
		{7B2BF2A9-D5A1-4281-9CCC-6C09958F363C}.Release|Any CPU.Build.0 = Release|Any CPU
	EndGlobalSection
	GlobalSection(SolutionProperties) = preSolution
		HideSolutionNode = FALSE
	EndGlobalSection
	GlobalSection(ExtensibilityGlobals) = postSolution
		SolutionGuid = {0FD9735F-868B-4974-BE4D-CA882A1DB3AF}
	EndGlobalSection
EndGlobal
